
Microsoft Visual Studio Solution File, Format Version 12.00
# Visual Studio Version 17
VisualStudioVersion = 17.9.34728.123
MinimumVisualStudioVersion = 10.0.40219.1
Project("{9A19103F-16F7-4668-BE54-9A1E7A4F7556}") = "FargoCP", "FargoCP.csproj", "{FC16C642-4E94-4987-A9E9-057807CE078F}"
EndProject
Global
	GlobalSection(SolutionConfigurationPlatforms) = preSolution
		Debug|Any CPU = Debug|Any CPU
		Release|Any CPU = Release|Any CPU
	EndGlobalSection
	GlobalSection(ProjectConfigurationPlatforms) = postSolution
		{FC16C642-4E94-4987-A9E9-057807CE078F}.Debug|Any CPU.ActiveCfg = Debug|Any CPU
		{FC16C642-4E94-4987-A9E9-057807CE078F}.Debug|Any CPU.Build.0 = Debug|Any CPU
		{FC16C642-4E94-4987-A9E9-057807CE078F}.Release|Any CPU.ActiveCfg = Release|Any CPU
		{FC16C642-4E94-4987-A9E9-057807CE078F}.Release|Any CPU.Build.0 = Release|Any CPU
	EndGlobalSection
	GlobalSection(SolutionProperties) = preSolution
		HideSolutionNode = FALSE
	EndGlobalSection
	GlobalSection(ExtensibilityGlobals) = postSolution
		SolutionGuid = {E26EA2B9-FDDF-48AB-8AB8-05F99D2CC6AA}
	EndGlobalSection
EndGlobal
